
Microsoft Visual Studio Solution File, Format Version 11.00
# Visual C# Express 2010
Project("{FAE04EC0-301F-11D3-BF4B-00C04F79EFBC}") = "deteksi_wajah", "deteksi_wajah\deteksi_wajah.csproj", "{D0A9528C-6082-4530-B658-E9EDD6DF8118}"
EndProject
Global
	GlobalSection(SolutionConfigurationPlatforms) = preSolution
		Debug|x86 = Debug|x86
		Release|x86 = Release|x86
	EndGlobalSection
	GlobalSection(ProjectConfigurationPlatforms) = postSolution
		{D0A9528C-6082-4530-B658-E9EDD6DF8118}.Debug|x86.ActiveCfg = Debug|x86
		{D0A9528C-6082-4530-B658-E9EDD6DF8118}.Debug|x86.Build.0 = Debug|x86
		{D0A9528C-6082-4530-B658-E9EDD6DF8118}.Release|x86.ActiveCfg = Release|x86
		{D0A9528C-6082-4530-B658-E9EDD6DF8118}.Release|x86.Build.0 = Release|x86
	EndGlobalSection
	GlobalSection(SolutionProperties) = preSolution
		HideSolutionNode = FALSE
	EndGlobalSection
EndGlobal
